{
  "name": "pretty-ansi",
  "version": "3.0.0",
  "lockfileVersion": 3,
  "requires": true,
  "packages": {
    "": {
      "name": "pretty-ansi",
      "version": "3.0.0",
      "license": "MIT",
      "devDependencies": {
        "@biomejs/biome": "2.3.4",
        "ansi-escapes": "7.2.0",
        "ansi-styles": "6.2.3",
        "monocart-coverage-reports": "2.12.9",
        "tstyche": "5.0.1"
      },
      "engines": {
        "node": ">=18"
      },
      "funding": {
        "url": "https://github.com/sponsors/mrazauskas"
      }
    },
    "node_modules/@biomejs/biome": {
      "version": "2.3.4",
      "resolved": "https://registry.npmjs.org/@biomejs/biome/-/biome-2.3.4.tgz",
      "integrity": "sha512-TU08LXjBHdy0mEY9APtEtZdNQQijXUDSXR7IK1i45wgoPD5R0muK7s61QcFir6FpOj/RP1+YkPx5QJlycXUU3w==",
      "dev": true,
      "license": "MIT OR Apache-2.0",
      "bin": {
        "biome": "bin/biome"
      },
      "engines": {
        "node": ">=14.21.3"
      },
      "funding": {
        "type": "opencollective",
        "url": "https://opencollective.com/biome"
      },
      "optionalDependencies": {
        "@biomejs/cli-darwin-arm64": "2.3.4",
        "@biomejs/cli-darwin-x64": "2.3.4",
        "@biomejs/cli-linux-arm64": "2.3.4",
        "@biomejs/cli-linux-arm64-musl": "2.3.4",
        "@biomejs/cli-linux-x64": "2.3.4",
        "@biomejs/cli-linux-x64-musl": "2.3.4",
        "@biomejs/cli-win32-arm64": "2.3.4",
        "@biomejs/cli-win32-x64": "2.3.4"
      }
    },
    "node_modules/@biomejs/cli-darwin-arm64": {
      "version": "2.3.4",
      "resolved": "https://registry.npmjs.org/@biomejs/cli-darwin-arm64/-/cli-darwin-arm64-2.3.4.tgz",
      "integrity": "sha512-w40GvlNzLaqmuWYiDU6Ys9FNhJiclngKqcGld3iJIiy2bpJ0Q+8n3haiaC81uTPY/NA0d8Q/I3Z9+ajc14102Q==",
      "cpu": [
        "arm64"
      ],
      "dev": true,
      "license": "MIT OR Apache-2.0",
      "optional": true,
      "os": [
        "darwin"
      ],
      "engines": {
        "node": ">=14.21.3"
      }
    },
    "node_modules/@biomejs/cli-darwin-x64": {
      "version": "2.3.4",
      "resolved": "https://registry.npmjs.org/@biomejs/cli-darwin-x64/-/cli-darwin-x64-2.3.4.tgz",
      "integrity": "sha512-3s7TLVtjJ7ni1xADXsS7x7GMUrLBZXg8SemXc3T0XLslzvqKj/dq1xGeBQ+pOWQzng9MaozfacIHdK2UlJ3jGA==",
      "cpu": [
        "x64"
      ],
      "dev": true,
      "license": "MIT OR Apache-2.0",
      "optional": true,
      "os": [
        "darwin"
      ],
      "engines": {
        "node": ">=14.21.3"
      }
    },
    "node_modules/@biomejs/cli-linux-arm64": {
      "version": "2.3.4",
      "resolved": "https://registry.npmjs.org/@biomejs/cli-linux-arm64/-/cli-linux-arm64-2.3.4.tgz",
      "integrity": "sha512-y7efHyyM2gYmHy/AdWEip+VgTMe9973aP7XYKPzu/j8JxnPHuSUXftzmPhkVw0lfm4ECGbdBdGD6+rLmTgNZaA==",
      "cpu": [
        "arm64"
      ],
      "dev": true,
      "license": "MIT OR Apache-2.0",
      "optional": true,
      "os": [
        "linux"
      ],
      "engines": {
        "node": ">=14.21.3"
      }
    },
    "node_modules/@biomejs/cli-linux-arm64-musl": {
      "version": "2.3.4",
      "resolved": "https://registry.npmjs.org/@biomejs/cli-linux-arm64-musl/-/cli-linux-arm64-musl-2.3.4.tgz",
      "integrity": "sha512-IruVGQRwMURivWazchiq7gKAqZSFs5so6gi0hJyxk7x6HR+iwZbO2IxNOqyLURBvL06qkIHs7Wffl6Bw30vCbQ==",
      "cpu": [
        "arm64"
      ],
      "dev": true,
      "license": "MIT OR Apache-2.0",
      "optional": true,
      "os": [
        "linux"
      ],
      "engines": {
        "node": ">=14.21.3"
      }
    },
    "node_modules/@biomejs/cli-linux-x64": {
      "version": "2.3.4",
      "resolved": "https://registry.npmjs.org/@biomejs/cli-linux-x64/-/cli-linux-x64-2.3.4.tgz",
      "integrity": "sha512-gKfjWR/6/dfIxPJCw8REdEowiXCkIpl9jycpNVHux8aX2yhWPLjydOshkDL6Y/82PcQJHn95VCj7J+BRcE5o1Q==",
      "cpu": [
        "x64"
      ],
      "dev": true,
      "license": "MIT OR Apache-2.0",
      "optional": true,
      "os": [
        "linux"
      ],
      "engines": {
        "node": ">=14.21.3"
      }
    },
    "node_modules/@biomejs/cli-linux-x64-musl": {
      "version": "2.3.4",
      "resolved": "https://registry.npmjs.org/@biomejs/cli-linux-x64-musl/-/cli-linux-x64-musl-2.3.4.tgz",
      "integrity": "sha512-mzKFFv/w66e4/jCobFmD3kymCqG+FuWE7sVa4Yjqd9v7qt2UhXo67MSZKY9Ih18V2IwPzRKQPCw6KwdZs6AXSA==",
      "cpu": [
        "x64"
      ],
      "dev": true,
      "license": "MIT OR Apache-2.0",
      "optional": true,
      "os": [
        "linux"
      ],
      "engines": {
        "node": ">=14.21.3"
      }
    },
    "node_modules/@biomejs/cli-win32-arm64": {
      "version": "2.3.4",
      "resolved": "https://registry.npmjs.org/@biomejs/cli-win32-arm64/-/cli-win32-arm64-2.3.4.tgz",
      "integrity": "sha512-5TJ6JfVez+yyupJ/iGUici2wzKf0RrSAxJhghQXtAEsc67OIpdwSKAQboemILrwKfHDi5s6mu7mX+VTCTUydkw==",
      "cpu": [
        "arm64"
      ],
      "dev": true,
      "license": "MIT OR Apache-2.0",
      "optional": true,
      "os": [
        "win32"
      ],
      "engines": {
        "node": ">=14.21.3"
      }
    },
    "node_modules/@biomejs/cli-win32-x64": {
      "version": "2.3.4",
      "resolved": "https://registry.npmjs.org/@biomejs/cli-win32-x64/-/cli-win32-x64-2.3.4.tgz",
      "integrity": "sha512-FGCijXecmC4IedQ0esdYNlMpx0Jxgf4zceCaMu6fkjWyjgn50ZQtMiqZZQ0Q/77yqPxvtkgZAvt5uGw0gAAjig==",
      "cpu": [
        "x64"
      ],
      "dev": true,
      "license": "MIT OR Apache-2.0",
      "optional": true,
      "os": [
        "win32"
      ],
      "engines": {
        "node": ">=14.21.3"
      }
    },
    "node_modules/acorn": {
      "version": "8.15.0",
      "resolved": "https://registry.npmjs.org/acorn/-/acorn-8.15.0.tgz",
      "integrity": "sha512-NZyJarBfL7nWwIq+FDL6Zp/yHEhePMNnnJ0y3qfieCrmNvYct8uvtiV41UvlSe6apAfk0fY1FbWx+NwfmpvtTg==",
      "dev": true,
      "license": "MIT",
      "bin": {
        "acorn": "bin/acorn"
      },
      "engines": {
        "node": ">=0.4.0"
      }
    },
    "node_modules/acorn-loose": {
      "version": "8.5.2",
      "resolved": "https://registry.npmjs.org/acorn-loose/-/acorn-loose-8.5.2.tgz",
      "integrity": "sha512-PPvV6g8UGMGgjrMu+n/f9E/tCSkNQ2Y97eFvuVdJfG11+xdIeDcLyNdC8SHcrHbRqkfwLASdplyR6B6sKM1U4A==",
      "dev": true,
      "license": "MIT",
      "dependencies": {
        "acorn": "^8.15.0"
      },
      "engines": {
        "node": ">=0.4.0"
      }
    },
    "node_modules/acorn-walk": {
      "version": "8.3.4",
      "resolved": "https://registry.npmjs.org/acorn-walk/-/acorn-walk-8.3.4.tgz",
      "integrity": "sha512-ueEepnujpqee2o5aIYnvHU6C0A42MNdsIDeqy5BydrkuC5R1ZuUFnm27EeFJGoEHJQgn3uleRvmTXaJgfXbt4g==",
      "dev": true,
      "license": "MIT",
      "dependencies": {
        "acorn": "^8.11.0"
      },
      "engines": {
        "node": ">=0.4.0"
      }
    },
    "node_modules/ansi-escapes": {
      "version": "7.2.0",
      "resolved": "https://registry.npmjs.org/ansi-escapes/-/ansi-escapes-7.2.0.tgz",
      "integrity": "sha512-g6LhBsl+GBPRWGWsBtutpzBYuIIdBkLEvad5C/va/74Db018+5TZiyA26cZJAr3Rft5lprVqOIPxf5Vid6tqAw==",
      "dev": true,
      "license": "MIT",
      "dependencies": {
        "environment": "^1.0.0"
      },
      "engines": {
        "node": ">=18"
      },
      "funding": {
        "url": "https://github.com/sponsors/sindresorhus"
      }
    },
    "node_modules/ansi-styles": {
      "version": "6.2.3",
      "resolved": "https://registry.npmjs.org/ansi-styles/-/ansi-styles-6.2.3.tgz",
      "integrity": "sha512-4Dj6M28JB+oAH8kFkTLUo+a2jwOFkuqb3yucU0CANcRRUbxS0cP0nZYCGjcc3BNXwRIsUVmDGgzawme7zvJHvg==",
      "dev": true,
      "license": "MIT",
      "engines": {
        "node": ">=12"
      },
      "funding": {
        "url": "https://github.com/chalk/ansi-styles?sponsor=1"
      }
    },
    "node_modules/commander": {
      "version": "14.0.2",
      "resolved": "https://registry.npmjs.org/commander/-/commander-14.0.2.tgz",
      "integrity": "sha512-TywoWNNRbhoD0BXs1P3ZEScW8W5iKrnbithIl0YH+uCmBd0QpPOA8yc82DS3BIE5Ma6FnBVUsJ7wVUDz4dvOWQ==",
      "dev": true,
      "license": "MIT",
      "engines": {
        "node": ">=20"
      }
    },
    "node_modules/console-grid": {
      "version": "2.2.3",
      "resolved": "https://registry.npmjs.org/console-grid/-/console-grid-2.2.3.tgz",
      "integrity": "sha512-+mecFacaFxGl+1G31IsCx41taUXuW2FxX+4xIE0TIPhgML+Jb9JFcBWGhhWerd1/vhScubdmHqTwOhB0KCUUAg==",
      "dev": true,
      "license": "MIT"
    },
    "node_modules/cross-spawn": {
      "version": "7.0.6",
      "resolved": "https://registry.npmjs.org/cross-spawn/-/cross-spawn-7.0.6.tgz",
      "integrity": "sha512-uV2QOWP2nWzsy2aMp8aRibhi9dlzF5Hgh5SHaB9OiTGEyDTiJJyx0uy51QXdyWbtAHNua4XJzUKca3OzKUd3vA==",
      "dev": true,
      "license": "MIT",
      "dependencies": {
        "path-key": "^3.1.0",
        "shebang-command": "^2.0.0",
        "which": "^2.0.1"
      },
      "engines": {
        "node": ">= 8"
      }
    },
    "node_modules/eight-colors": {
      "version": "1.3.1",
      "resolved": "https://registry.npmjs.org/eight-colors/-/eight-colors-1.3.1.tgz",
      "integrity": "sha512-7nXPYDeKh6DgJDR/mpt2G7N/hCNSGwwoPVmoI3+4TEwOb07VFN1WMPG0DFf6nMEjrkgdj8Og7l7IaEEk3VE6Zg==",
      "dev": true,
      "license": "MIT"
    },
    "node_modules/environment": {
      "version": "1.1.0",
      "resolved": "https://registry.npmjs.org/environment/-/environment-1.1.0.tgz",
      "integrity": "sha512-xUtoPkMggbz0MPyPiIWr1Kp4aeWJjDZ6SMvURhimjdZgsRuDplF5/s9hcgGhyXMhs+6vpnuoiZ2kFiu3FMnS8Q==",
      "dev": true,
      "license": "MIT",
      "engines": {
        "node": ">=18"
      },
      "funding": {
        "url": "https://github.com/sponsors/sindresorhus"
      }
    },
    "node_modules/foreground-child": {
      "version": "3.3.1",
      "resolved": "https://registry.npmjs.org/foreground-child/-/foreground-child-3.3.1.tgz",
      "integrity": "sha512-gIXjKqtFuWEgzFRJA9WCQeSJLZDjgJUOMCMzxtvFq/37KojM1BFGufqsCy0r4qSQmYLsZYMeyRqzIWOMup03sw==",
      "dev": true,
      "license": "ISC",
      "dependencies": {
        "cross-spawn": "^7.0.6",
        "signal-exit": "^4.0.1"
      },
      "engines": {
        "node": ">=14"
      },
      "funding": {
        "url": "https://github.com/sponsors/isaacs"
      }
    },
    "node_modules/has-flag": {
      "version": "4.0.0",
      "resolved": "https://registry.npmjs.org/has-flag/-/has-flag-4.0.0.tgz",
      "integrity": "sha512-EykJT/Q1KjTWctppgIAgfSO0tKVuZUjhgMr17kqTumMl6Afv3EISleU7qZUzoXDFTAHTDC4NOoG/ZxU3EvlMPQ==",
      "dev": true,
      "license": "MIT",
      "engines": {
        "node": ">=8"
      }
    },
    "node_modules/html-escaper": {
      "version": "2.0.2",
      "resolved": "https://registry.npmjs.org/html-escaper/-/html-escaper-2.0.2.tgz",
      "integrity": "sha512-H2iMtd0I4Mt5eYiapRdIDjp+XzelXQ0tFE4JS7YFwFevXXMmOp9myNrUvCg0D6ws8iqkRPBfKHgbwig1SmlLfg==",
      "dev": true,
      "license": "MIT"
    },
    "node_modules/isexe": {
      "version": "2.0.0",
      "resolved": "https://registry.npmjs.org/isexe/-/isexe-2.0.0.tgz",
      "integrity": "sha512-RHxMLp9lnKHGHRng9QFhRCMbYAcVpn69smSGcq3f36xjgVVWThj4qqLbTLlq7Ssj8B+fIQ1EuCEGI2lKsyQeIw==",
      "dev": true,
      "license": "ISC"
    },
    "node_modules/istanbul-lib-coverage": {
      "version": "3.2.2",
      "resolved": "https://registry.npmjs.org/istanbul-lib-coverage/-/istanbul-lib-coverage-3.2.2.tgz",
      "integrity": "sha512-O8dpsF+r0WV/8MNRKfnmrtCWhuKjxrq2w+jpzBL5UZKTi2LeVWnWOmWRxFlesJONmc+wLAGvKQZEOanko0LFTg==",
      "dev": true,
      "license": "BSD-3-Clause",
      "engines": {
        "node": ">=8"
      }
    },
    "node_modules/istanbul-lib-report": {
      "version": "3.0.1",
      "resolved": "https://registry.npmjs.org/istanbul-lib-report/-/istanbul-lib-report-3.0.1.tgz",
      "integrity": "sha512-GCfE1mtsHGOELCU8e/Z7YWzpmybrx/+dSTfLrvY8qRmaY6zXTKWn6WQIjaAFw069icm6GVMNkgu0NzI4iPZUNw==",
      "dev": true,
      "license": "BSD-3-Clause",
      "dependencies": {
        "istanbul-lib-coverage": "^3.0.0",
        "make-dir": "^4.0.0",
        "supports-color": "^7.1.0"
      },
      "engines": {
        "node": ">=10"
      }
    },
    "node_modules/istanbul-reports": {
      "version": "3.2.0",
      "resolved": "https://registry.npmjs.org/istanbul-reports/-/istanbul-reports-3.2.0.tgz",
      "integrity": "sha512-HGYWWS/ehqTV3xN10i23tkPkpH46MLCIMFNCaaKNavAXTF1RkqxawEPtnjnGZ6XKSInBKkiOA5BKS+aZiY3AvA==",
      "dev": true,
      "license": "BSD-3-Clause",
      "dependencies": {
        "html-escaper": "^2.0.0",
        "istanbul-lib-report": "^3.0.0"
      },
      "engines": {
        "node": ">=8"
      }
    },
    "node_modules/lz-utils": {
      "version": "2.1.0",
      "resolved": "https://registry.npmjs.org/lz-utils/-/lz-utils-2.1.0.tgz",
      "integrity": "sha512-CMkfimAypidTtWjNDxY8a1bc1mJdyEh04V2FfEQ5Zh8Nx4v7k850EYa+dOWGn9hKG5xOyHP5MkuduAZCTHRvJw==",
      "dev": true,
      "license": "MIT"
    },
    "node_modules/make-dir": {
      "version": "4.0.0",
      "resolved": "https://registry.npmjs.org/make-dir/-/make-dir-4.0.0.tgz",
      "integrity": "sha512-hXdUTZYIVOt1Ex//jAQi+wTZZpUpwBj/0QsOzqegb3rGMMeJiSEu5xLHnYfBrRV4RH2+OCSOO95Is/7x1WJ4bw==",
      "dev": true,
      "license": "MIT",
      "dependencies": {
        "semver": "^7.5.3"
      },
      "engines": {
        "node": ">=10"
      },
      "funding": {
        "url": "https://github.com/sponsors/sindresorhus"
      }
    },
    "node_modules/monocart-coverage-reports": {
      "version": "2.12.9",
      "resolved": "https://registry.npmjs.org/monocart-coverage-reports/-/monocart-coverage-reports-2.12.9.tgz",
      "integrity": "sha512-vtFqbC3Egl4nVa1FSIrQvMPO6HZtb9lo+3IW7/crdvrLNW2IH8lUsxaK0TsKNmMO2mhFWwqQywLV2CZelqPgwA==",
      "dev": true,
      "license": "MIT",
      "dependencies": {
        "acorn": "^8.15.0",
        "acorn-loose": "^8.5.2",
        "acorn-walk": "^8.3.4",
        "commander": "^14.0.0",
        "console-grid": "^2.2.3",
        "eight-colors": "^1.3.1",
        "foreground-child": "^3.3.1",
        "istanbul-lib-coverage": "^3.2.2",
        "istanbul-lib-report": "^3.0.1",
        "istanbul-reports": "^3.2.0",
        "lz-utils": "^2.1.0",
        "monocart-locator": "^1.0.2"
      },
      "bin": {
        "mcr": "lib/cli.js"
      }
    },
    "node_modules/monocart-locator": {
      "version": "1.0.2",
      "resolved": "https://registry.npmjs.org/monocart-locator/-/monocart-locator-1.0.2.tgz",
      "integrity": "sha512-v8W5hJLcWMIxLCcSi/MHh+VeefI+ycFmGz23Froer9QzWjrbg4J3gFJBuI/T1VLNoYxF47bVPPxq8ZlNX4gVCw==",
      "dev": true,
      "license": "MIT"
    },
    "node_modules/path-key": {
      "version": "3.1.1",
      "resolved": "https://registry.npmjs.org/path-key/-/path-key-3.1.1.tgz",
      "integrity": "sha512-ojmeN0qd+y0jszEtoY48r0Peq5dwMEkIlCOu6Q5f41lfkswXuKtYrhgoTpLnyIcHm24Uhqx+5Tqm2InSwLhE6Q==",
      "dev": true,
      "license": "MIT",
      "engines": {
        "node": ">=8"
      }
    },
    "node_modules/semver": {
      "version": "7.7.3",
      "resolved": "https://registry.npmjs.org/semver/-/semver-7.7.3.tgz",
      "integrity": "sha512-SdsKMrI9TdgjdweUSR9MweHA4EJ8YxHn8DFaDisvhVlUOe4BF1tLD7GAj0lIqWVl+dPb/rExr0Btby5loQm20Q==",
      "dev": true,
      "license": "ISC",
      "bin": {
        "semver": "bin/semver.js"
      },
      "engines": {
        "node": ">=10"
      }
    },
    "node_modules/shebang-command": {
      "version": "2.0.0",
      "resolved": "https://registry.npmjs.org/shebang-command/-/shebang-command-2.0.0.tgz",
      "integrity": "sha512-kHxr2zZpYtdmrN1qDjrrX/Z1rR1kG8Dx+gkpK1G4eXmvXswmcE1hTWBWYUzlraYw1/yZp6YuDY77YtvbN0dmDA==",
      "dev": true,
      "license": "MIT",
      "dependencies": {
        "shebang-regex": "^3.0.0"
      },
      "engines": {
        "node": ">=8"
      }
    },
    "node_modules/shebang-regex": {
      "version": "3.0.0",
      "resolved": "https://registry.npmjs.org/shebang-regex/-/shebang-regex-3.0.0.tgz",
      "integrity": "sha512-7++dFhtcx3353uBaq8DDR4NuxBetBzC7ZQOhmTQInHEd6bSrXdiEyzCvG07Z44UYdLShWUyXt5M/yhz8ekcb1A==",
      "dev": true,
      "license": "MIT",
      "engines": {
        "node": ">=8"
      }
    },
    "node_modules/signal-exit": {
      "version": "4.1.0",
      "resolved": "https://registry.npmjs.org/signal-exit/-/signal-exit-4.1.0.tgz",
      "integrity": "sha512-bzyZ1e88w9O1iNJbKnOlvYTrWPDl46O1bG0D3XInv+9tkPrxrN8jUUTiFlDkkmKWgn1M6CfIA13SuGqOa9Korw==",
      "dev": true,
      "license": "ISC",
      "engines": {
        "node": ">=14"
      },
      "funding": {
        "url": "https://github.com/sponsors/isaacs"
      }
    },
    "node_modules/supports-color": {
      "version": "7.2.0",
      "resolved": "https://registry.npmjs.org/supports-color/-/supports-color-7.2.0.tgz",
      "integrity": "sha512-qpCAvRl9stuOHveKsn7HncJRvv501qIacKzQlO/+Lwxc9+0q2wLyv4Dfvt80/DPn2pqOBsJdDiogXGR9+OvwRw==",
      "dev": true,
      "license": "MIT",
      "dependencies": {
        "has-flag": "^4.0.0"
      },
      "engines": {
        "node": ">=8"
      }
    },
    "node_modules/tstyche": {
      "version": "5.0.1",
      "resolved": "https://registry.npmjs.org/tstyche/-/tstyche-5.0.1.tgz",
      "integrity": "sha512-3qwfvSMAProLC+oCmI7Eg/adzLB2A28stnyEdgi1riK+mE39z1+DU9dW1M1+1icCgPct56iRmU5QfyUOuMFE8g==",
      "dev": true,
      "license": "MIT",
      "bin": {
        "tstyche": "build/bin.js"
      },
      "engines": {
        "node": ">=20.12"
      },
      "funding": {
        "url": "https://github.com/tstyche/tstyche?sponsor=1"
      },
      "peerDependencies": {
        "typescript": ">=5.0"
      },
      "peerDependenciesMeta": {
        "typescript": {
          "optional": true
        }
      }
    },
    "node_modules/which": {
      "version": "2.0.2",
      "resolved": "https://registry.npmjs.org/which/-/which-2.0.2.tgz",
      "integrity": "sha512-BLI3Tl1TW3Pvl70l3yq3Y64i+awpwXqsGBYWkkqMtnbXgrMD+yj7rhW0kuEDxzJaYXGjEW5ogapKNMEKNMjibA==",
      "dev": true,
      "license": "ISC",
      "dependencies": {
        "isexe": "^2.0.0"
      },
      "bin": {
        "node-which": "bin/node-which"
      },
      "engines": {
        "node": ">= 8"
      }
    }
  }
}
